
Microsoft Visual Studio Solution File, Format Version 12.00
# Visual Studio Version 17
VisualStudioVersion = 17.2.32505.173
MinimumVisualStudioVersion = 10.0.40219.1
Project("{FAE04EC0-301F-11D3-BF4B-00C04F79EFBC}") = "BattleTournament", "BattleTournament\BattleTournament.csproj", "{65AE1147-3618-47D4-AA4D-21B44F83CCE0}"
EndProject
Global
	GlobalSection(SolutionConfigurationPlatforms) = preSolution
		Debug|Any CPU = Debug|Any CPU
		Release|Any CPU = Release|Any CPU
	EndGlobalSection
	GlobalSection(ProjectConfigurationPlatforms) = postSolution
		{65AE1147-3618-47D4-AA4D-21B44F83CCE0}.Debug|Any CPU.ActiveCfg = Debug|Any CPU
		{65AE1147-3618-47D4-AA4D-21B44F83CCE0}.Debug|Any CPU.Build.0 = Debug|Any CPU
		{65AE1147-3618-47D4-AA4D-21B44F83CCE0}.Release|Any CPU.ActiveCfg = Release|Any CPU
		{65AE1147-3618-47D4-AA4D-21B44F83CCE0}.Release|Any CPU.Build.0 = Release|Any CPU
	EndGlobalSection
	GlobalSection(SolutionProperties) = preSolution
		HideSolutionNode = FALSE
	EndGlobalSection
	GlobalSection(ExtensibilityGlobals) = postSolution
		SolutionGuid = {6F11B675-D6DF-401A-AEC0-801B5F7D47B0}
	EndGlobalSection
EndGlobal
